
Microsoft Visual Studio Solution File, Format Version 12.00
# Visual Studio Version 17
VisualStudioVersion = 17.0.31903.59
MinimumVisualStudioVersion = 10.0.40219.1
Project("{2150E333-8FDC-42A3-9474-1A3956D46DE8}") = "Solution Items", "Solution Items", "{ABE98C40-B7B2-48FC-8580-3A41D59FEF13}"
	ProjectSection(SolutionItems) = preProject
		.editorconfig = .editorconfig
		Directory.Build.props = Directory.Build.props
		Directory.Packages.props = Directory.Packages.props
	EndProjectSection
EndProject
Project("{2150E333-8FDC-42A3-9474-1A3956D46DE8}") = "src", "src", "{640E1E98-5B29-4E6F-AE65-C70CFF5C552A}"
EndProject
Project("{FAE04EC0-301F-11D3-BF4B-00C04F79EFBC}") = "Models", "src\Models\Models.csproj", "{9B2C7C51-EAB0-40F1-8FE1-FE165C726AD4}"
EndProject
Global
	GlobalSection(SolutionConfigurationPlatforms) = preSolution
		Debug|Any CPU = Debug|Any CPU
		Release|Any CPU = Release|Any CPU
	EndGlobalSection
	GlobalSection(ProjectConfigurationPlatforms) = postSolution
		{9B2C7C51-EAB0-40F1-8FE1-FE165C726AD4}.Debug|Any CPU.ActiveCfg = Debug|Any CPU
		{9B2C7C51-EAB0-40F1-8FE1-FE165C726AD4}.Debug|Any CPU.Build.0 = Debug|Any CPU
		{9B2C7C51-EAB0-40F1-8FE1-FE165C726AD4}.Release|Any CPU.ActiveCfg = Release|Any CPU
		{9B2C7C51-EAB0-40F1-8FE1-FE165C726AD4}.Release|Any CPU.Build.0 = Release|Any CPU
	EndGlobalSection
	GlobalSection(SolutionProperties) = preSolution
		HideSolutionNode = FALSE
	EndGlobalSection
	GlobalSection(NestedProjects) = preSolution
		{9B2C7C51-EAB0-40F1-8FE1-FE165C726AD4} = {640E1E98-5B29-4E6F-AE65-C70CFF5C552A}
	EndGlobalSection
EndGlobal
